// !$*UTF8*$!
{
	archiveVersion = 1;
	classes = {
	};
	objectVersion = 46;
	objects = {

/* Begin PBXBuildFile section */
		DE9C18C31ECAFF0C00FF56F0 /* AppDelegate.swift in Sources */ = {isa = PBXBuildFile; fileRef = DE9C18C21ECAFF0C00FF56F0 /* AppDelegate.swift */; };
		DE9C18C51ECAFF0C00FF56F0 /* ViewController.swift in Sources */ = {isa = PBXBuildFile; fileRef = DE9C18C41ECAFF0C00FF56F0 /* ViewController.swift */; };
		DE9C18C81ECAFF0C00FF56F0 /* Main.storyboard in Resources */ = {isa = PBXBuildFile; fileRef = DE9C18C61ECAFF0C00FF56F0 /* Main.storyboard */; };
		DE9C18CA1ECAFF0C00FF56F0 /* Assets.xcassets in Resources */ = {isa = PBXBuildFile; fileRef = DE9C18C91ECAFF0C00FF56F0 /* Assets.xcassets */; };
		DE9C18CD1ECAFF0C00FF56F0 /* LaunchScreen.storyboard in Resources */ = {isa = PBXBuildFile; fileRef = DE9C18CB1ECAFF0C00FF56F0 /* LaunchScreen.storyboard */; };
/* End PBXBuildFile section */

/* Begin PBXFileReference section */
		DE9C18BF1ECAFF0C00FF56F0 /* Simple Calculator.app */ = {isa = PBXFileReference; explicitFileType = wrapper.application; includeInIndex = 0; path = "Simple Calculator.app"; sourceTree = BUILT_PRODUCTS_DIR; };
		DE9C18C21ECAFF0C00FF56F0 /* AppDelegate.swift */ = {isa = PBXFileReference; lastKnownFileType = sourcecode.swift; path = AppDelegate.swift; sourceTree = "<group>"; };
		DE9C18C41ECAFF0C00FF56F0 /* ViewController.swift */ = {isa = PBXFileReference; lastKnownFileType = sourcecode.swift; path = ViewController.swift; sourceTree = "<group>"; };
		DE9C18C71ECAFF0C00FF56F0 /* Base */ = {isa = PBXFileReference; lastKnownFileType = file.storyboard; name = Base; path = Base.lproj/Main.storyboard; sourceTree = "<group>"; };
		DE9C18C91ECAFF0C00FF56F0 /* Assets.xcassets */ = {isa = PBXFileReference; lastKnownFileType = folder.assetcatalog; path = Assets.xcassets; sourceTree = "<group>"; };
		DE9C18CC1ECAFF0C00FF56F0 /* Base */ = {isa = PBXFileReference; lastKnownFileType = file.storyboard; name = Base; path = Base.lproj/LaunchScreen.storyboard; sourceTree = "<group>"; };
		DE9C18CE1ECAFF0C00FF56F0 /* Info.plist */ = {isa = PBXFileReference; lastKnownFileType = text.plist.xml; path = Info.plist; sourceTree = "<group>"; };
/* End PBXFileReference section */

/* Begin PBXFrameworksBuildPhase section */
		DE9C18BC1ECAFF0C00FF56F0 /* Frameworks */ = {
			isa = PBXFrameworksBuildPhase;
			buildActionMask = 2147483647;
			files = (
			);
			runOnlyForDeploymentPostprocessing = 0;
		};
/* End PBXFrameworksBuildPhase section */

/* Begin PBXGroup section */
		DE9C18B61ECAFF0C00FF56F0 = {
			isa = PBXGroup;
			children = (
				DE9C18C11ECAFF0C00FF56F0 /* Simple Calculator */,
				DE9C18C01ECAFF0C00FF56F0 /* Products */,
			);
			sourceTree = "<group>";
		};
		DE9C18C01ECAFF0C00FF56F0 /* Products */ = {
			isa = PBXGroup;
			children = (
				DE9C18BF1ECAFF0C00FF56F0 /* Simple Calculator.app */,
			);
			name = Products;
			sourceTree = "<group>";
		};
		DE9C18C11ECAFF0C00FF56F0 /* Simple Calculator */ = {
			isa = PBXGroup;
			children = (
				DE9C18C21ECAFF0C00FF56F0 /* AppDelegate.swift */,
				DE9C18C41ECAFF0C00FF56F0 /* ViewController.swift */,
				DE9C18C61ECAFF0C00FF56F0 /* Main.storyboard */,
				DE9C18C91ECAFF0C00FF56F0 /* Assets.xcassets */,
				DE9C18CB1ECAFF0C00FF56F0 /* LaunchScreen.storyboard */,
				DE9C18CE1ECAFF0C00FF56F0 /* Info.plist */,
			);
			path = "Simple Calculator";
			sourceTree = "<group>";
		};
/* End PBXGroup section */

/* Begin PBXNativeTarget section */
		DE9C18BE1ECAFF0C00FF56F0 /* Simple Calculator */ = {
			isa = PBXNativeTarget;
			buildConfigurationList = DE9C18D11ECAFF0C00FF56F0 /* Build configuration list for PBXNativeTarget "Simple Calculator" */;
			buildPhases = (
				DE9C18BB1ECAFF0C00FF56F0 /* Sources */,
				DE9C18BC1ECAFF0C00FF56F0 /* Frameworks */,
				DE9C18BD1ECAFF0C00FF56F0 /* Resources */,
			);
			buildRules = (
			);
			dependencies = (
			);
			name = "Simple Calculator";
			productName = "Simple Calculator";
			productReference = DE9C18BF1ECAFF0C00FF56F0 /* Simple Calculator.app */;
			productType = "com.apple.product-type.application";
		};
/* End PBXNativeTarget section */

/* Begin PBXProject section */
		DE9C18B71ECAFF0C00FF56F0 /* Project object */ = {
			isa = PBXProject;
			attributes = {
				LastSwiftUpdateCheck = 0830;
				LastUpgradeCheck = 0830;
				ORGANIZATIONNAME = "Paritosh Gupta";
				TargetAttributes = {
					DE9C18BE1ECAFF0C00FF56F0 = {
						CreatedOnToolsVersion = 8.3.2;
						DevelopmentTeam = JPJ7C78FP3;
						ProvisioningStyle = Automatic;
					};
				};
			};
			buildConfigurationList = DE9C18BA1ECAFF0C00FF56F0 /* Build configuration list for PBXProject "Simple Calculator" */;
			compatibilityVersion = "Xcode 3.2";
			developmentRegion = English;
			hasScannedForEncodings = 0;
			knownRegions = (
				en,
				Base,
			);
			mainGroup = DE9C18B61ECAFF0C00FF56F0;
			productRefGroup = DE9C18C01ECAFF0C00FF56F0 /* Products */;
			projectDirPath = "";
			projectRoot = "";
			targets = (
				DE9C18BE1ECAFF0C00FF56F0 /* Simple Calculator */,
			);
		};
/* End PBXProject section */

/* Begin PBXResourcesBuildPhase section */
		DE9C18BD1ECAFF0C00FF56F0 /* Resources */ = {
			isa = PBXResourcesBuildPhase;
			buildActionMask = 2147483647;
			files = (
				DE9C18CD1ECAFF0C00FF56F0 /* LaunchScreen.storyboard in Resources */,
				DE9C18CA1ECAFF0C00FF56F0 /* Assets.xcassets in Resources */,
				DE9C18C81ECAFF0C00FF56F0 /* Main.storyboard in Resources */,
			);
			runOnlyForDeploymentPostprocessing = 0;
		};
/* End PBXResourcesBuildPhase section */

/* Begin PBXSourcesBuildPhase section */
		DE9C18BB1ECAFF0C00FF56F0 /* Sources */ = {
			isa = PBXSourcesBuildPhase;
			buildActionMask = 2147483647;
			files = (
				DE9C18C51ECAFF0C00FF56F0 /* ViewController.swift in Sources */,
				DE9C18C31ECAFF0C00FF56F0 /* AppDelegate.swift in Sources */,
			);
			runOnlyForDeploymentPostprocessing = 0;
		};
/* End PBXSourcesBuildPhase section */

/* Begin PBXVariantGroup section */
		DE9C18C61ECAFF0C00FF56F0 /* Main.storyboard */ = {
			isa = PBXVariantGroup;
			children = (
				DE9C18C71ECAFF0C00FF56F0 /* Base */,
			);
			name = Main.storyboard;
			sourceTree = "<group>";
		};
		DE9C18CB1ECAFF0C00FF56F0 /* LaunchScreen.storyboard */ = {
			isa = PBXVariantGroup;
			children = (
				DE9C18CC1ECAFF0C00FF56F0 /* Base */,
			);
			name = LaunchScreen.storyboard;
			sourceTree = "<group>";
		};
/* End PBXVariantGroup section */

/* Begin XCBuildConfiguration section */
		DE9C18CF1ECAFF0C00FF56F0 /* Debug */ = {
			isa = XCBuildConfiguration;
			buildSettings = {
				ALWAYS_SEARCH_USER_PATHS = NO;
				CLANG_ANALYZER_NONNULL = YES;
				CLANG_ANALYZER_NUMBER_OBJECT_CONVERSION = YES_AGGRESSIVE;
				CLANG_CXX_LANGUAGE_STANDARD = "gnu++0x";
				CLANG_CXX_LIBRARY = "libc++";
				CLANG_ENABLE_MODULES = YES;
				CLANG_ENABLE_OBJC_ARC = YES;
				CLANG_WARN_BOOL_CONVERSION = YES;
				CLANG_WARN_CONSTANT_CONVERSION = YES;
				CLANG_WARN_DIRECT_OBJC_ISA_USAGE = YES_ERROR;
				CLANG_WARN_DOCUMENTATION_COMMENTS = YES;
				CLANG_WARN_EMPTY_BODY = YES;
				CLANG_WARN_ENUM_CONVERSION = YES;
				CLANG_WARN_INFINITE_RECURSION = YES;
				CLANG_WARN_INT_CONVERSION = YES;
				CLANG_WARN_OBJC_ROOT_CLASS = YES_ERROR;
				CLANG_WARN_SUSPICIOUS_MOVE = YES;
				CLANG_WARN_UNREACHABLE_CODE = YES;
				CLANG_WARN__DUPLICATE_METHOD_MATCH = YES;
				"CODE_SIGN_IDENTITY[sdk=iphoneos*]" = "iPhone Developer";
				COPY_PHASE_STRIP = NO;
				DEBUG_INFORMATION_FORMAT = dwarf;
				ENABLE_STRICT_OBJC_MSGSEND = YES;
				ENABLE_TESTABILITY = YES;
				GCC_C_LANGUAGE_STANDARD = gnu99;
				GCC_DYNAMIC_NO_PIC = NO;
				GCC_NO_COMMON_BLOCKS = YES;
				GCC_OPTIMIZATION_LEVEL = 0;
				GCC_PREPROCESSOR_DEFINITIONS = (
					"DEBUG=1",
					"$(inherited)",
				);
				GCC_WARN_64_TO_32_BIT_CONVERSION = YES;
				GCC_WARN_ABOUT_RETURN_TYPE = YES_ERROR;
				GCC_WARN_UNDECLARED_SELECTOR = YES;
				GCC_WARN_UNINITIALIZED_AUTOS = YES_AGGRESSIVE;
				GCC_WARN_UNUSED_FUNCTION = YES;
				GCC_WARN_UNUSED_VARIABLE = YES;
				IPHONEOS_DEPLOYMENT_TARGET = 10.3;
				MTL_ENABLE_DEBUG_INFO = YES;
				ONLY_ACTIVE_ARCH = YES;
				SDKROOT = iphoneos;
				SWIFT_ACTIVE_COMPILATION_CONDITIONS = DEBUG;
				SWIFT_OPTIMIZATION_LEVEL = "-Onone";
				TARGETED_DEVICE_FAMILY = "1,2";
			};
			name = Debug;
		};
		DE9C18D01ECAFF0C00FF56F0 /* Release */ = {
			isa = XCBuildConfiguration;
			buildSettings = {
				ALWAYS_SEARCH_USER_PATHS = NO;
				CLANG_ANALYZER_NONNULL = YES;
				CLANG_ANALYZER_NUMBER_OBJECT_CONVERSION = YES_AGGRESSIVE;
				CLANG_CXX_LANGUAGE_STANDARD = "gnu++0x";
				CLANG_CXX_LIBRARY = "libc++";
				CLANG_ENABLE_MODULES = YES;
				CLANG_ENABLE_OBJC_ARC = YES;
				CLANG_WARN_BOOL_CONVERSION = YES;
				CLANG_WARN_CONSTANT_CONVERSION = YES;
				CLANG_WARN_DIRECT_OBJC_ISA_USAGE = YES_ERROR;
				CLANG_WARN_DOCUMENTATION_COMMENTS = YES;
				CLANG_WARN_EMPTY_BODY = YES;
				CLANG_WARN_ENUM_CONVERSION = YES;
				CLANG_WARN_INFINITE_RECURSION = YES;
				CLANG_WARN_INT_CONVERSION = YES;
				CLANG_WARN_OBJC_ROOT_CLASS = YES_ERROR;
				CLANG_WARN_SUSPICIOUS_MOVE = YES;
				CLANG_WARN_UNREACHABLE_CODE = YES;
				CLANG_WARN__DUPLICATE_METHOD_MATCH = YES;
				"CODE_SIGN_IDENTITY[sdk=iphoneos*]" = "iPhone Developer";
				COPY_PHASE_STRIP = NO;
				DEBUG_INFORMATION_FORMAT = "dwarf-with-dsym";
				ENABLE_NS_ASSERTIONS = NO;
				ENABLE_STRICT_OBJC_MSGSEND = YES;
				GCC_C_LANGUAGE_STANDARD = gnu99;
				GCC_NO_COMMON_BLOCKS = YES;
				GCC_WARN_64_TO_32_BIT_CONVERSION = YES;
				GCC_WARN_ABOUT_RETURN_TYPE = YES_ERROR;
				GCC_WARN_UNDECLARED_SELECTOR = YES;
				GCC_WARN_UNINITIALIZED_AUTOS = YES_AGGRESSIVE;
				GCC_WARN_UNUSED_FUNCTION = YES;
				GCC_WARN_UNUSED_VARIABLE = YES;
				IPHONEOS_DEPLOYMENT_TARGET = 10.3;
				MTL_ENABLE_DEBUG_INFO = NO;
				SDKROOT = iphoneos;
				SWIFT_OPTIMIZATION_LEVEL = "-Owholemodule";
				TARGETED_DEVICE_FAMILY = "1,2";
				VALIDATE_PRODUCT = YES;
			};
			name = Release;
		};
		DE9C18D21ECAFF0C00FF56F0 /* Debug */ = {
			isa = XCBuildConfiguration;
			buildSettings = {
				ASSETCATALOG_COMPILER_APPICON_NAME = AppIcon;
				DEVELOPMENT_TEAM = JPJ7C78FP3;
				INFOPLIST_FILE = "Simple Calculator/Info.plist";
				LD_RUNPATH_SEARCH_PATHS = "$(inherited) @executable_path/Frameworks";
				PRODUCT_BUNDLE_IDENTIFIER = "com.paritoshgupta.Simple-Calculator";
				PRODUCT_NAME = "$(TARGET_NAME)";
				SWIFT_VERSION = 3.0;
			};
			name = Debug;
		};
		DE9C18D31ECAFF0C00FF56F0 /* Release */ = {
			isa = XCBuildConfiguration;
			buildSettings = {
				ASSETCATALOG_COMPILER_APPICON_NAME = AppIcon;
				DEVELOPMENT_TEAM = JPJ7C78FP3;
				INFOPLIST_FILE = "Simple Calculator/Info.plist";
				LD_RUNPATH_SEARCH_PATHS = "$(inherited) @executable_path/Frameworks";
				PRODUCT_BUNDLE_IDENTIFIER = "com.paritoshgupta.Simple-Calculator";
				PRODUCT_NAME = "$(TARGET_NAME)";
				SWIFT_VERSION = 3.0;
			};
			name = Release;
		};
/* End XCBuildConfiguration section */

/* Begin XCConfigurationList section */
		DE9C18BA1ECAFF0C00FF56F0 /* Build configuration list for PBXProject "Simple Calculator" */ = {
			isa = XCConfigurationList;
			buildConfigurations = (
				DE9C18CF1ECAFF0C00FF56F0 /* Debug */,
				DE9C18D01ECAFF0C00FF56F0 /* Release */,
			);
			defaultConfigurationIsVisible = 0;
			defaultConfigurationName = Release;
		};
		DE9C18D11ECAFF0C00FF56F0 /* Build configuration list for PBXNativeTarget "Simple Calculator" */ = {
			isa = XCConfigurationList;
			buildConfigurations = (
				DE9C18D21ECAFF0C00FF56F0 /* Debug */,
				DE9C18D31ECAFF0C00FF56F0 /* Release */,
			);
			defaultConfigurationIsVisible = 0;
		};
/* End XCConfigurationList section */
	};
	rootObject = DE9C18B71ECAFF0C00FF56F0 /* Project object */;
}
